// !$*UTF8*$!
{
	archiveVersion = 1;
	classes = {
	};
	objectVersion = 46;
	objects = {

/* Begin PBXBuildFile section */
		7657C4601A62C3BF00F199BD /* FakeApplication.xib in Resources */ = {isa = PBXBuildFile; fileRef = 7657C45F1A62C3BF00F199BD /* FakeApplication.xib */; };
		7657C4621A6306DB00F199BD /* PepperUICore.framework in Frameworks */ = {isa = PBXBuildFile; fileRef = 7657C4611A6306DB00F199BD /* PepperUICore.framework */; };
		76A5D9CA1A61B4DE00115938 /* main.m in Sources */ = {isa = PBXBuildFile; fileRef = 76A5D9C91A61B4DE00115938 /* main.m */; };
		76A5D9CD1A61B4DE00115938 /* AppDelegate.m in Sources */ = {isa = PBXBuildFile; fileRef = 76A5D9CC1A61B4DE00115938 /* AppDelegate.m */; };
		76A5D9D01A61B4DE00115938 /* ViewController.m in Sources */ = {isa = PBXBuildFile; fileRef = 76A5D9CF1A61B4DE00115938 /* ViewController.m */; };
		76A5D9D31A61B4DE00115938 /* Main.storyboard in Resources */ = {isa = PBXBuildFile; fileRef = 76A5D9D11A61B4DE00115938 /* Main.storyboard */; };
		76A5D9D51A61B4DE00115938 /* Images.xcassets in Resources */ = {isa = PBXBuildFile; fileRef = 76A5D9D41A61B4DE00115938 /* Images.xcassets */; };
		76A5D9D81A61B4DE00115938 /* LaunchScreen.xib in Resources */ = {isa = PBXBuildFile; fileRef = 76A5D9D61A61B4DE00115938 /* LaunchScreen.xib */; };
		76A5D9E41A61B4DE00115938 /* FakeWatchAppTests.m in Sources */ = {isa = PBXBuildFile; fileRef = 76A5D9E31A61B4DE00115938 /* FakeWatchAppTests.m */; };
/* End PBXBuildFile section */

/* Begin PBXContainerItemProxy section */
		76A5D9DE1A61B4DE00115938 /* PBXContainerItemProxy */ = {
			isa = PBXContainerItemProxy;
			containerPortal = 76A5D9BC1A61B4DE00115938 /* Project object */;
			proxyType = 1;
			remoteGlobalIDString = 76A5D9C31A61B4DE00115938;
			remoteInfo = FakeWatchApp;
		};
/* End PBXContainerItemProxy section */

/* Begin PBXFileReference section */
		7657C45F1A62C3BF00F199BD /* FakeApplication.xib */ = {isa = PBXFileReference; fileEncoding = 4; lastKnownFileType = file.xib; path = FakeApplication.xib; sourceTree = "<group>"; };
		7657C4611A6306DB00F199BD /* PepperUICore.framework */ = {isa = PBXFileReference; lastKnownFileType = wrapper.framework; name = PepperUICore.framework; path = Platforms/iPhoneSimulator.platform/Developer/SDKs/iPhoneSimulator.sdk/System/Library/PrivateFrameworks/PepperUICore.framework; sourceTree = DEVELOPER_DIR; };
		76A5D9C41A61B4DE00115938 /* FakeWatchApp.app */ = {isa = PBXFileReference; explicitFileType = wrapper.application; includeInIndex = 0; path = FakeWatchApp.app; sourceTree = BUILT_PRODUCTS_DIR; };
		76A5D9C81A61B4DE00115938 /* Info.plist */ = {isa = PBXFileReference; lastKnownFileType = text.plist.xml; path = Info.plist; sourceTree = "<group>"; };
		76A5D9C91A61B4DE00115938 /* main.m */ = {isa = PBXFileReference; lastKnownFileType = sourcecode.c.objc; path = main.m; sourceTree = "<group>"; };
		76A5D9CB1A61B4DE00115938 /* AppDelegate.h */ = {isa = PBXFileReference; lastKnownFileType = sourcecode.c.h; path = AppDelegate.h; sourceTree = "<group>"; };
		76A5D9CC1A61B4DE00115938 /* AppDelegate.m */ = {isa = PBXFileReference; lastKnownFileType = sourcecode.c.objc; path = AppDelegate.m; sourceTree = "<group>"; };
		76A5D9CE1A61B4DE00115938 /* ViewController.h */ = {isa = PBXFileReference; lastKnownFileType = sourcecode.c.h; path = ViewController.h; sourceTree = "<group>"; };
		76A5D9CF1A61B4DE00115938 /* ViewController.m */ = {isa = PBXFileReference; lastKnownFileType = sourcecode.c.objc; path = ViewController.m; sourceTree = "<group>"; };
		76A5D9D21A61B4DE00115938 /* Base */ = {isa = PBXFileReference; lastKnownFileType = file.storyboard; name = Base; path = Base.lproj/Main.storyboard; sourceTree = "<group>"; };
		76A5D9D41A61B4DE00115938 /* Images.xcassets */ = {isa = PBXFileReference; lastKnownFileType = folder.assetcatalog; path = Images.xcassets; sourceTree = "<group>"; };
		76A5D9D71A61B4DE00115938 /* Base */ = {isa = PBXFileReference; lastKnownFileType = file.xib; name = Base; path = Base.lproj/LaunchScreen.xib; sourceTree = "<group>"; };
		76A5D9DD1A61B4DE00115938 /* FakeWatchAppTests.xctest */ = {isa = PBXFileReference; explicitFileType = wrapper.cfbundle; includeInIndex = 0; path = FakeWatchAppTests.xctest; sourceTree = BUILT_PRODUCTS_DIR; };
		76A5D9E21A61B4DE00115938 /* Info.plist */ = {isa = PBXFileReference; lastKnownFileType = text.plist.xml; path = Info.plist; sourceTree = "<group>"; };
		76A5D9E31A61B4DE00115938 /* FakeWatchAppTests.m */ = {isa = PBXFileReference; lastKnownFileType = sourcecode.c.objc; path = FakeWatchAppTests.m; sourceTree = "<group>"; };
/* End PBXFileReference section */

/* Begin PBXFrameworksBuildPhase section */
		76A5D9C11A61B4DE00115938 /* Frameworks */ = {
			isa = PBXFrameworksBuildPhase;
			buildActionMask = 2147483647;
			files = (
				7657C4621A6306DB00F199BD /* PepperUICore.framework in Frameworks */,
			);
			runOnlyForDeploymentPostprocessing = 0;
		};
		76A5D9DA1A61B4DE00115938 /* Frameworks */ = {
			isa = PBXFrameworksBuildPhase;
			buildActionMask = 2147483647;
			files = (
			);
			runOnlyForDeploymentPostprocessing = 0;
		};
/* End PBXFrameworksBuildPhase section */

/* Begin PBXGroup section */
		76A5D9BB1A61B4DE00115938 = {
			isa = PBXGroup;
			children = (
				7657C4611A6306DB00F199BD /* PepperUICore.framework */,
				7657C45F1A62C3BF00F199BD /* FakeApplication.xib */,
				76A5D9C61A61B4DE00115938 /* FakeWatchApp */,
				76A5D9E01A61B4DE00115938 /* FakeWatchAppTests */,
				76A5D9C51A61B4DE00115938 /* Products */,
			);
			sourceTree = "<group>";
		};
		76A5D9C51A61B4DE00115938 /* Products */ = {
			isa = PBXGroup;
			children = (
				76A5D9C41A61B4DE00115938 /* FakeWatchApp.app */,
				76A5D9DD1A61B4DE00115938 /* FakeWatchAppTests.xctest */,
			);
			name = Products;
			sourceTree = "<group>";
		};
		76A5D9C61A61B4DE00115938 /* FakeWatchApp */ = {
			isa = PBXGroup;
			children = (
				76A5D9CB1A61B4DE00115938 /* AppDelegate.h */,
				76A5D9CC1A61B4DE00115938 /* AppDelegate.m */,
				76A5D9CE1A61B4DE00115938 /* ViewController.h */,
				76A5D9CF1A61B4DE00115938 /* ViewController.m */,
				76A5D9D11A61B4DE00115938 /* Main.storyboard */,
				76A5D9D41A61B4DE00115938 /* Images.xcassets */,
				76A5D9D61A61B4DE00115938 /* LaunchScreen.xib */,
				76A5D9C71A61B4DE00115938 /* Supporting Files */,
			);
			path = FakeWatchApp;
			sourceTree = "<group>";
		};
		76A5D9C71A61B4DE00115938 /* Supporting Files */ = {
			isa = PBXGroup;
			children = (
				76A5D9C81A61B4DE00115938 /* Info.plist */,
				76A5D9C91A61B4DE00115938 /* main.m */,
			);
			name = "Supporting Files";
			sourceTree = "<group>";
		};
		76A5D9E01A61B4DE00115938 /* FakeWatchAppTests */ = {
			isa = PBXGroup;
			children = (
				76A5D9E31A61B4DE00115938 /* FakeWatchAppTests.m */,
				76A5D9E11A61B4DE00115938 /* Supporting Files */,
			);
			path = FakeWatchAppTests;
			sourceTree = "<group>";
		};
		76A5D9E11A61B4DE00115938 /* Supporting Files */ = {
			isa = PBXGroup;
			children = (
				76A5D9E21A61B4DE00115938 /* Info.plist */,
			);
			name = "Supporting Files";
			sourceTree = "<group>";
		};
/* End PBXGroup section */

/* Begin PBXNativeTarget section */
		76A5D9C31A61B4DE00115938 /* FakeWatchApp */ = {
			isa = PBXNativeTarget;
			buildConfigurationList = 76A5D9E71A61B4DE00115938 /* Build configuration list for PBXNativeTarget "FakeWatchApp" */;
			buildPhases = (
				76A5D9C01A61B4DE00115938 /* Sources */,
				76A5D9C11A61B4DE00115938 /* Frameworks */,
				76A5D9C21A61B4DE00115938 /* Resources */,
			);
			buildRules = (
			);
			dependencies = (
			);
			name = FakeWatchApp;
			productName = FakeWatchApp;
			productReference = 76A5D9C41A61B4DE00115938 /* FakeWatchApp.app */;
			productType = "com.apple.product-type.application";
		};
		76A5D9DC1A61B4DE00115938 /* FakeWatchAppTests */ = {
			isa = PBXNativeTarget;
			buildConfigurationList = 76A5D9EA1A61B4DE00115938 /* Build configuration list for PBXNativeTarget "FakeWatchAppTests" */;
			buildPhases = (
				76A5D9D91A61B4DE00115938 /* Sources */,
				76A5D9DA1A61B4DE00115938 /* Frameworks */,
				76A5D9DB1A61B4DE00115938 /* Resources */,
			);
			buildRules = (
			);
			dependencies = (
				76A5D9DF1A61B4DE00115938 /* PBXTargetDependency */,
			);
			name = FakeWatchAppTests;
			productName = FakeWatchAppTests;
			productReference = 76A5D9DD1A61B4DE00115938 /* FakeWatchAppTests.xctest */;
			productType = "com.apple.product-type.bundle.unit-test";
		};
/* End PBXNativeTarget section */

/* Begin PBXProject section */
		76A5D9BC1A61B4DE00115938 /* Project object */ = {
			isa = PBXProject;
			attributes = {
				LastUpgradeCheck = 0620;
				ORGANIZATIONNAME = SushiGrass;
				TargetAttributes = {
					76A5D9C31A61B4DE00115938 = {
						CreatedOnToolsVersion = 6.2;
						DevelopmentTeam = 8X4DYCSP4Z;
					};
					76A5D9DC1A61B4DE00115938 = {
						CreatedOnToolsVersion = 6.2;
						TestTargetID = 76A5D9C31A61B4DE00115938;
					};
				};
			};
			buildConfigurationList = 76A5D9BF1A61B4DE00115938 /* Build configuration list for PBXProject "FakeWatchApp" */;
			compatibilityVersion = "Xcode 3.2";
			developmentRegion = English;
			hasScannedForEncodings = 0;
			knownRegions = (
				en,
				Base,
			);
			mainGroup = 76A5D9BB1A61B4DE00115938;
			productRefGroup = 76A5D9C51A61B4DE00115938 /* Products */;
			projectDirPath = "";
			projectRoot = "";
			targets = (
				76A5D9C31A61B4DE00115938 /* FakeWatchApp */,
				76A5D9DC1A61B4DE00115938 /* FakeWatchAppTests */,
			);
		};
/* End PBXProject section */

/* Begin PBXResourcesBuildPhase section */
		76A5D9C21A61B4DE00115938 /* Resources */ = {
			isa = PBXResourcesBuildPhase;
			buildActionMask = 2147483647;
			files = (
				76A5D9D31A61B4DE00115938 /* Main.storyboard in Resources */,
				76A5D9D81A61B4DE00115938 /* LaunchScreen.xib in Resources */,
				76A5D9D51A61B4DE00115938 /* Images.xcassets in Resources */,
				7657C4601A62C3BF00F199BD /* FakeApplication.xib in Resources */,
			);
			runOnlyForDeploymentPostprocessing = 0;
		};
		76A5D9DB1A61B4DE00115938 /* Resources */ = {
			isa = PBXResourcesBuildPhase;
			buildActionMask = 2147483647;
			files = (
			);
			runOnlyForDeploymentPostprocessing = 0;
		};
/* End PBXResourcesBuildPhase section */

/* Begin PBXSourcesBuildPhase section */
		76A5D9C01A61B4DE00115938 /* Sources */ = {
			isa = PBXSourcesBuildPhase;
			buildActionMask = 2147483647;
			files = (
				76A5D9D01A61B4DE00115938 /* ViewController.m in Sources */,
				76A5D9CD1A61B4DE00115938 /* AppDelegate.m in Sources */,
				76A5D9CA1A61B4DE00115938 /* main.m in Sources */,
			);
			runOnlyForDeploymentPostprocessing = 0;
		};
		76A5D9D91A61B4DE00115938 /* Sources */ = {
			isa = PBXSourcesBuildPhase;
			buildActionMask = 2147483647;
			files = (
				76A5D9E41A61B4DE00115938 /* FakeWatchAppTests.m in Sources */,
			);
			runOnlyForDeploymentPostprocessing = 0;
		};
/* End PBXSourcesBuildPhase section */

/* Begin PBXTargetDependency section */
		76A5D9DF1A61B4DE00115938 /* PBXTargetDependency */ = {
			isa = PBXTargetDependency;
			target = 76A5D9C31A61B4DE00115938 /* FakeWatchApp */;
			targetProxy = 76A5D9DE1A61B4DE00115938 /* PBXContainerItemProxy */;
		};
/* End PBXTargetDependency section */

/* Begin PBXVariantGroup section */
		76A5D9D11A61B4DE00115938 /* Main.storyboard */ = {
			isa = PBXVariantGroup;
			children = (
				76A5D9D21A61B4DE00115938 /* Base */,
			);
			name = Main.storyboard;
			sourceTree = "<group>";
		};
		76A5D9D61A61B4DE00115938 /* LaunchScreen.xib */ = {
			isa = PBXVariantGroup;
			children = (
				76A5D9D71A61B4DE00115938 /* Base */,
			);
			name = LaunchScreen.xib;
			sourceTree = "<group>";
		};
/* End PBXVariantGroup section */

/* Begin XCBuildConfiguration section */
		76A5D9E51A61B4DE00115938 /* Debug */ = {
			isa = XCBuildConfiguration;
			buildSettings = {
				ALWAYS_SEARCH_USER_PATHS = NO;
				CLANG_CXX_LANGUAGE_STANDARD = "gnu++0x";
				CLANG_CXX_LIBRARY = "libc++";
				CLANG_ENABLE_MODULES = YES;
				CLANG_ENABLE_OBJC_ARC = YES;
				CLANG_WARN_BOOL_CONVERSION = YES;
				CLANG_WARN_CONSTANT_CONVERSION = YES;
				CLANG_WARN_DIRECT_OBJC_ISA_USAGE = YES_ERROR;
				CLANG_WARN_EMPTY_BODY = YES;
				CLANG_WARN_ENUM_CONVERSION = YES;
				CLANG_WARN_INT_CONVERSION = YES;
				CLANG_WARN_OBJC_ROOT_CLASS = YES_ERROR;
				CLANG_WARN_UNREACHABLE_CODE = YES;
				CLANG_WARN__DUPLICATE_METHOD_MATCH = YES;
				"CODE_SIGN_IDENTITY[sdk=iphoneos*]" = "iPhone Developer";
				COPY_PHASE_STRIP = NO;
				ENABLE_STRICT_OBJC_MSGSEND = YES;
				GCC_C_LANGUAGE_STANDARD = gnu99;
				GCC_DYNAMIC_NO_PIC = NO;
				GCC_OPTIMIZATION_LEVEL = 0;
				GCC_PREPROCESSOR_DEFINITIONS = (
					"DEBUG=1",
					"$(inherited)",
				);
				GCC_SYMBOLS_PRIVATE_EXTERN = NO;
				GCC_WARN_64_TO_32_BIT_CONVERSION = YES;
				GCC_WARN_ABOUT_RETURN_TYPE = YES_ERROR;
				GCC_WARN_UNDECLARED_SELECTOR = YES;
				GCC_WARN_UNINITIALIZED_AUTOS = YES_AGGRESSIVE;
				GCC_WARN_UNUSED_FUNCTION = YES;
				GCC_WARN_UNUSED_VARIABLE = YES;
				IPHONEOS_DEPLOYMENT_TARGET = 8.2;
				MTL_ENABLE_DEBUG_INFO = YES;
				ONLY_ACTIVE_ARCH = YES;
				SDKROOT = iphoneos;
			};
			name = Debug;
		};
		76A5D9E61A61B4DE00115938 /* Release */ = {
			isa = XCBuildConfiguration;
			buildSettings = {
				ALWAYS_SEARCH_USER_PATHS = NO;
				CLANG_CXX_LANGUAGE_STANDARD = "gnu++0x";
				CLANG_CXX_LIBRARY = "libc++";
				CLANG_ENABLE_MODULES = YES;
				CLANG_ENABLE_OBJC_ARC = YES;
				CLANG_WARN_BOOL_CONVERSION = YES;
				CLANG_WARN_CONSTANT_CONVERSION = YES;
				CLANG_WARN_DIRECT_OBJC_ISA_USAGE = YES_ERROR;
				CLANG_WARN_EMPTY_BODY = YES;
				CLANG_WARN_ENUM_CONVERSION = YES;
				CLANG_WARN_INT_CONVERSION = YES;
				CLANG_WARN_OBJC_ROOT_CLASS = YES_ERROR;
				CLANG_WARN_UNREACHABLE_CODE = YES;
				CLANG_WARN__DUPLICATE_METHOD_MATCH = YES;
				"CODE_SIGN_IDENTITY[sdk=iphoneos*]" = "iPhone Developer";
				COPY_PHASE_STRIP = NO;
				ENABLE_NS_ASSERTIONS = NO;
				ENABLE_STRICT_OBJC_MSGSEND = YES;
				GCC_C_LANGUAGE_STANDARD = gnu99;
				GCC_WARN_64_TO_32_BIT_CONVERSION = YES;
				GCC_WARN_ABOUT_RETURN_TYPE = YES_ERROR;
				GCC_WARN_UNDECLARED_SELECTOR = YES;
				GCC_WARN_UNINITIALIZED_AUTOS = YES_AGGRESSIVE;
				GCC_WARN_UNUSED_FUNCTION = YES;
				GCC_WARN_UNUSED_VARIABLE = YES;
				IPHONEOS_DEPLOYMENT_TARGET = 8.2;
				MTL_ENABLE_DEBUG_INFO = NO;
				SDKROOT = iphoneos;
				VALIDATE_PRODUCT = YES;
			};
			name = Release;
		};
		76A5D9E81A61B4DE00115938 /* Debug */ = {
			isa = XCBuildConfiguration;
			buildSettings = {
				ASSETCATALOG_COMPILER_APPICON_NAME = AppIcon;
				CODE_SIGN_IDENTITY = "iPhone Developer";
				FRAMEWORK_SEARCH_PATHS = (
					"$(inherited)",
					"$(DEVELOPER_DIR)/Platforms/iPhoneSimulator.platform/Developer/SDKs/iPhoneSimulator.sdk/System/Library/PrivateFrameworks",
				);
				INFOPLIST_FILE = FakeWatchApp/Info.plist;
				LD_RUNPATH_SEARCH_PATHS = "$(inherited) @executable_path/Frameworks";
				PRODUCT_NAME = "$(TARGET_NAME)";
				TARGETED_DEVICE_FAMILY = 1;
			};
			name = Debug;
		};
		76A5D9E91A61B4DE00115938 /* Release */ = {
			isa = XCBuildConfiguration;
			buildSettings = {
				ASSETCATALOG_COMPILER_APPICON_NAME = AppIcon;
				CODE_SIGN_IDENTITY = "iPhone Developer";
				FRAMEWORK_SEARCH_PATHS = (
					"$(inherited)",
					"$(DEVELOPER_DIR)/Platforms/iPhoneSimulator.platform/Developer/SDKs/iPhoneSimulator.sdk/System/Library/PrivateFrameworks",
				);
				INFOPLIST_FILE = FakeWatchApp/Info.plist;
				LD_RUNPATH_SEARCH_PATHS = "$(inherited) @executable_path/Frameworks";
				PRODUCT_NAME = "$(TARGET_NAME)";
				TARGETED_DEVICE_FAMILY = 1;
			};
			name = Release;
		};
		76A5D9EB1A61B4DE00115938 /* Debug */ = {
			isa = XCBuildConfiguration;
			buildSettings = {
				BUNDLE_LOADER = "$(TEST_HOST)";
				FRAMEWORK_SEARCH_PATHS = (
					"$(SDKROOT)/Developer/Library/Frameworks",
					"$(inherited)",
				);
				GCC_PREPROCESSOR_DEFINITIONS = (
					"DEBUG=1",
					"$(inherited)",
				);
				INFOPLIST_FILE = FakeWatchAppTests/Info.plist;
				LD_RUNPATH_SEARCH_PATHS = "$(inherited) @executable_path/Frameworks @loader_path/Frameworks";
				PRODUCT_NAME = "$(TARGET_NAME)";
				TEST_HOST = "$(BUILT_PRODUCTS_DIR)/FakeWatchApp.app/FakeWatchApp";
			};
			name = Debug;
		};
		76A5D9EC1A61B4DE00115938 /* Release */ = {
			isa = XCBuildConfiguration;
			buildSettings = {
				BUNDLE_LOADER = "$(TEST_HOST)";
				FRAMEWORK_SEARCH_PATHS = (
					"$(SDKROOT)/Developer/Library/Frameworks",
					"$(inherited)",
				);
				INFOPLIST_FILE = FakeWatchAppTests/Info.plist;
				LD_RUNPATH_SEARCH_PATHS = "$(inherited) @executable_path/Frameworks @loader_path/Frameworks";
				PRODUCT_NAME = "$(TARGET_NAME)";
				TEST_HOST = "$(BUILT_PRODUCTS_DIR)/FakeWatchApp.app/FakeWatchApp";
			};
			name = Release;
		};
/* End XCBuildConfiguration section */

/* Begin XCConfigurationList section */
		76A5D9BF1A61B4DE00115938 /* Build configuration list for PBXProject "FakeWatchApp" */ = {
			isa = XCConfigurationList;
			buildConfigurations = (
				76A5D9E51A61B4DE00115938 /* Debug */,
				76A5D9E61A61B4DE00115938 /* Release */,
			);
			defaultConfigurationIsVisible = 0;
			defaultConfigurationName = Release;
		};
		76A5D9E71A61B4DE00115938 /* Build configuration list for PBXNativeTarget "FakeWatchApp" */ = {
			isa = XCConfigurationList;
			buildConfigurations = (
				76A5D9E81A61B4DE00115938 /* Debug */,
				76A5D9E91A61B4DE00115938 /* Release */,
			);
			defaultConfigurationIsVisible = 0;
			defaultConfigurationName = Release;
		};
		76A5D9EA1A61B4DE00115938 /* Build configuration list for PBXNativeTarget "FakeWatchAppTests" */ = {
			isa = XCConfigurationList;
			buildConfigurations = (
				76A5D9EB1A61B4DE00115938 /* Debug */,
				76A5D9EC1A61B4DE00115938 /* Release */,
			);
			defaultConfigurationIsVisible = 0;
			defaultConfigurationName = Release;
		};
/* End XCConfigurationList section */
	};
	rootObject = 76A5D9BC1A61B4DE00115938 /* Project object */;
}
